<Solution>
  <Folder Name="/Task0/">
    <Project Path="Tyuiu.MutafRA.Sprint0.Task0.V0/Tyuiu.MutafRA.Sprint0.Task0.V0.csproj" />
  </Folder>
  <Folder Name="/Task1/">
    <Project Path="Tyuiu.MutafRA.Sprin0.Task1.V0/Tyuiu.MutafRA.Sprin0.Task1.V0.csproj" Id="45af5f22-e3b6-4293-a6f2-aa6e5ae853f5" />
  </Folder>
  <Folder Name="/Task2/">
    <Project Path="Tyuiu.MutafRA.Sprint0.Task2.V0.Lib/Tyuiu.MutafRA.Sprint0.Task2.V0.Lib.csproj" Id="f1acdf45-ad84-420e-add0-5f8763c5f151" />
    <Project Path="Tyuiu.MutafRA.Sprint0.Task2.V0.Test/Tyuiu.MutafRA.Sprint0.Task2.V0.Test.csproj" Id="17e66e1e-192b-4359-bb65-05e2c2ade869" />
    <Project Path="Tyuiu.MutafRA.Sprint0.Task2.V0/Tyuiu.MutafRA.Sprint0.Task2.V0.csproj" Id="2534d2b6-4452-49e8-8d43-2d8c30ce5b4a" />
  </Folder>
  <Folder Name="/Task3/">
    <Project Path="Tyuiu.MutafRA.Sprint0.Task3.V0.Lib/Tyuiu.MutafRA.Sprint0.Task3.V0.Lib.csproj" Id="771d7b77-6eb7-45a1-bc26-3a1a42114e5f" />
    <Project Path="Tyuiu.MutafRA.Sprint0.Task3.V0.Test/Tyuiu.MutafRA.Sprint0.Task3.V0.Test.csproj" Id="85ff6188-2d26-4ab3-8727-265cb89c3c3b" />
    <Project Path="Tyuiu.MutafRA.Sprint0.Task3.V0/Tyuiu.MutafRA.Sprint0.Task3.V0.csproj" Id="ac1ad633-aa0f-481d-92ff-2901083b0643" />
  </Folder>
</Solution>
